
Microsoft Visual Studio Solution File, Format Version 12.00
# Visual Studio Version 16
VisualStudioVersion = 16.0.29009.5
MinimumVisualStudioVersion = 10.0.40219.1
Project("{FAE04EC0-301F-11D3-BF4B-00C04F79EFBC}") = "LearnLibs", "LearnLibs.csproj", "{578E27A1-1A8C-4271-9077-71D1B662490E}"
EndProject
Global
	GlobalSection(SolutionConfigurationPlatforms) = preSolution
		Debug|Any CPU = Debug|Any CPU
		Release|Any CPU = Release|Any CPU
	EndGlobalSection
	GlobalSection(ProjectConfigurationPlatforms) = postSolution
		{578E27A1-1A8C-4271-9077-71D1B662490E}.Debug|Any CPU.ActiveCfg = Debug|Any CPU
		{578E27A1-1A8C-4271-9077-71D1B662490E}.Debug|Any CPU.Build.0 = Debug|Any CPU
		{578E27A1-1A8C-4271-9077-71D1B662490E}.Release|Any CPU.ActiveCfg = Release|Any CPU
		{578E27A1-1A8C-4271-9077-71D1B662490E}.Release|Any CPU.Build.0 = Release|Any CPU
	EndGlobalSection
	GlobalSection(SolutionProperties) = preSolution
		HideSolutionNode = FALSE
	EndGlobalSection
	GlobalSection(ExtensibilityGlobals) = postSolution
		SolutionGuid = {F2D12AC5-0D51-45C7-89AA-FD4ED3CD3685}
	EndGlobalSection
EndGlobal
