
Microsoft Visual Studio Solution File, Format Version 12.00
# Visual Studio Version 16
VisualStudioVersion = 16.0.28922.388
MinimumVisualStudioVersion = 10.0.40219.1
Project("{9A19103F-16F7-4668-BE54-9A1E7A4F7556}") = "Idp", "Idp.csproj", "{A18C89B3-DD82-4553-AEF3-1D5FD38D4052}"
EndProject
Global
	GlobalSection(SolutionConfigurationPlatforms) = preSolution
		Debug|Any CPU = Debug|Any CPU
		Release|Any CPU = Release|Any CPU
	EndGlobalSection
	GlobalSection(ProjectConfigurationPlatforms) = postSolution
		{A18C89B3-DD82-4553-AEF3-1D5FD38D4052}.Debug|Any CPU.ActiveCfg = Debug|Any CPU
		{A18C89B3-DD82-4553-AEF3-1D5FD38D4052}.Debug|Any CPU.Build.0 = Debug|Any CPU
		{A18C89B3-DD82-4553-AEF3-1D5FD38D4052}.Release|Any CPU.ActiveCfg = Release|Any CPU
		{A18C89B3-DD82-4553-AEF3-1D5FD38D4052}.Release|Any CPU.Build.0 = Release|Any CPU
	EndGlobalSection
	GlobalSection(SolutionProperties) = preSolution
		HideSolutionNode = FALSE
	EndGlobalSection
	GlobalSection(ExtensibilityGlobals) = postSolution
		SolutionGuid = {E9A91D1F-D0C4-4418-A2D7-B6FDC012DAA6}
	EndGlobalSection
EndGlobal
