
Microsoft Visual Studio Solution File, Format Version 12.00
# Visual Studio Version 16
VisualStudioVersion = 16.0.28729.10
MinimumVisualStudioVersion = 10.0.40219.1
Project("{9A19103F-16F7-4668-BE54-9A1E7A4F7556}") = "Eru.Server", "Eru.Server\Eru.Server.csproj", "{F05A692B-FA6B-40B9-AB1F-A322AE55F59B}"
EndProject
Global
	GlobalSection(SolutionConfigurationPlatforms) = preSolution
		Debug|Any CPU = Debug|Any CPU
		Release|Any CPU = Release|Any CPU
	EndGlobalSection
	GlobalSection(ProjectConfigurationPlatforms) = postSolution
		{F05A692B-FA6B-40B9-AB1F-A322AE55F59B}.Debug|Any CPU.ActiveCfg = Debug|Any CPU
		{F05A692B-FA6B-40B9-AB1F-A322AE55F59B}.Debug|Any CPU.Build.0 = Debug|Any CPU
		{F05A692B-FA6B-40B9-AB1F-A322AE55F59B}.Release|Any CPU.ActiveCfg = Release|Any CPU
		{F05A692B-FA6B-40B9-AB1F-A322AE55F59B}.Release|Any CPU.Build.0 = Release|Any CPU
		{28320721-B094-4F20-9D3E-373567C6DD49}.Debug|Any CPU.ActiveCfg = Debug|Any CPU
		{28320721-B094-4F20-9D3E-373567C6DD49}.Debug|Any CPU.Build.0 = Debug|Any CPU
		{28320721-B094-4F20-9D3E-373567C6DD49}.Release|Any CPU.ActiveCfg = Release|Any CPU
		{28320721-B094-4F20-9D3E-373567C6DD49}.Release|Any CPU.Build.0 = Release|Any CPU
	EndGlobalSection
	GlobalSection(SolutionProperties) = preSolution
		HideSolutionNode = FALSE
	EndGlobalSection
	GlobalSection(ExtensibilityGlobals) = postSolution
		SolutionGuid = {99DD8813-4DB9-416C-BEC3-D8F2BB5A8AF1}
	EndGlobalSection
EndGlobal
